
Microsoft Visual Studio Solution File, Format Version 12.00
# Visual Studio 15
VisualStudioVersion = 15.0.26730.15
MinimumVisualStudioVersion = 10.0.40219.1
Project("{FAE04EC0-301F-11D3-BF4B-00C04F79EFBC}") = "TicTacToe", "TicTacToe\TicTacToe.csproj", "{92738373-ABF4-4642-99BD-835CAF800B4B}"
EndProject
Global
	GlobalSection(SolutionConfigurationPlatforms) = preSolution
		Debug|Any CPU = Debug|Any CPU
		Release|Any CPU = Release|Any CPU
	EndGlobalSection
	GlobalSection(ProjectConfigurationPlatforms) = postSolution
		{92738373-ABF4-4642-99BD-835CAF800B4B}.Debug|Any CPU.ActiveCfg = Debug|Any CPU
		{92738373-ABF4-4642-99BD-835CAF800B4B}.Debug|Any CPU.Build.0 = Debug|Any CPU
		{92738373-ABF4-4642-99BD-835CAF800B4B}.Release|Any CPU.ActiveCfg = Release|Any CPU
		{92738373-ABF4-4642-99BD-835CAF800B4B}.Release|Any CPU.Build.0 = Release|Any CPU
	EndGlobalSection
	GlobalSection(SolutionProperties) = preSolution
		HideSolutionNode = FALSE
	EndGlobalSection
	GlobalSection(ExtensibilityGlobals) = postSolution
		SolutionGuid = {F426DEF0-1116-4C20-A1A1-DB727D491F1D}
	EndGlobalSection
EndGlobal
